// !$*UTF8*$!
{
	archiveVersion = 1;
	classes = {
	};
	objectVersion = 48;
	objects = {

/* Begin PBXBuildFile section */
		594437D720749B2900EA1321 /* AppDelegate.swift in Sources */ = {isa = PBXBuildFile; fileRef = 594437D620749B2900EA1321 /* AppDelegate.swift */; };
		594437DB20749B2900EA1321 /* Assets.xcassets in Resources */ = {isa = PBXBuildFile; fileRef = 594437DA20749B2900EA1321 /* Assets.xcassets */; };
		594437DE20749B2900EA1321 /* Main.storyboard in Resources */ = {isa = PBXBuildFile; fileRef = 594437DC20749B2900EA1321 /* Main.storyboard */; };
		597A442F20A721020042E10C /* MainViewController.swift in Sources */ = {isa = PBXBuildFile; fileRef = 594437E620749F2A00EA1321 /* MainViewController.swift */; };
		597D7B0620AAD07A003953E9 /* ComboBoxDataSource.swift in Sources */ = {isa = PBXBuildFile; fileRef = 597D7B0520AAD07A003953E9 /* ComboBoxDataSource.swift */; };
		597D7B0920AADB3D003953E9 /* EventMonitor.swift in Sources */ = {isa = PBXBuildFile; fileRef = 597D7B0720AADB3D003953E9 /* EventMonitor.swift */; };
		597D7B0C20ABE24C003953E9 /* Countries.json in Resources */ = {isa = PBXBuildFile; fileRef = 597D7B0B20ABE24B003953E9 /* Countries.json */; };
		597D7B0E20AD2B74003953E9 /* Countries.swift in Sources */ = {isa = PBXBuildFile; fileRef = 597D7B0D20AD2B74003953E9 /* Countries.swift */; };
		597DD8B920AD7FCA003D695E /* SettingViewController.swift in Sources */ = {isa = PBXBuildFile; fileRef = 597DD8B820AD7FCA003D695E /* SettingViewController.swift */; };
		597DD8C220B2A867003D695E /* AppDelegate.swift in Sources */ = {isa = PBXBuildFile; fileRef = 597DD8C120B2A867003D695E /* AppDelegate.swift */; };
		597DD8C620B2A869003D695E /* Assets.xcassets in Resources */ = {isa = PBXBuildFile; fileRef = 597DD8C520B2A869003D695E /* Assets.xcassets */; };
		597DD8D320B2B450003D695E /* ServiceManagement.framework in Frameworks */ = {isa = PBXBuildFile; fileRef = 597DD8D120B2B432003D695E /* ServiceManagement.framework */; };
		597DD8D920B2CFB7003D695E /* Launcher.app in CopyFiles */ = {isa = PBXBuildFile; fileRef = 597DD8BF20B2A867003D695E /* Launcher.app */; settings = {ATTRIBUTES = (RemoveHeadersOnCopy, ); }; };
		597DD8DB20B2CFD6003D695E /* Cocoa.framework in Frameworks */ = {isa = PBXBuildFile; fileRef = 597DD8DA20B2CFD6003D695E /* Cocoa.framework */; };
		597DD8DC20B2D54B003D695E /* Main.storyboard in Resources */ = {isa = PBXBuildFile; fileRef = 594437DC20749B2900EA1321 /* Main.storyboard */; };
/* End PBXBuildFile section */

/* Begin PBXContainerItemProxy section */
		597DD8D520B2B454003D695E /* PBXContainerItemProxy */ = {
			isa = PBXContainerItemProxy;
			containerPortal = 594437CB20749B2900EA1321 /* Project object */;
			proxyType = 1;
			remoteGlobalIDString = 597DD8BE20B2A867003D695E;
			remoteInfo = Launcher;
		};
/* End PBXContainerItemProxy section */

/* Begin PBXCopyFilesBuildPhase section */
		597DD8D820B2B4C6003D695E /* CopyFiles */ = {
			isa = PBXCopyFilesBuildPhase;
			buildActionMask = 12;
			dstPath = Contents/Library/LoginItems;
			dstSubfolderSpec = 1;
			files = (
				597DD8D920B2CFB7003D695E /* Launcher.app in CopyFiles */,
			);
			runOnlyForDeploymentPostprocessing = 0;
		};
/* End PBXCopyFilesBuildPhase section */

/* Begin PBXFileReference section */
		594437D320749B2900EA1321 /* WhatsAppBar.app */ = {isa = PBXFileReference; explicitFileType = wrapper.application; includeInIndex = 0; path = WhatsAppBar.app; sourceTree = BUILT_PRODUCTS_DIR; };
		594437D620749B2900EA1321 /* AppDelegate.swift */ = {isa = PBXFileReference; lastKnownFileType = sourcecode.swift; path = AppDelegate.swift; sourceTree = "<group>"; };
		594437DA20749B2900EA1321 /* Assets.xcassets */ = {isa = PBXFileReference; lastKnownFileType = folder.assetcatalog; path = Assets.xcassets; sourceTree = "<group>"; };
		594437DD20749B2900EA1321 /* Base */ = {isa = PBXFileReference; lastKnownFileType = file.storyboard; name = Base; path = Base.lproj/Main.storyboard; sourceTree = "<group>"; };
		594437DF20749B2900EA1321 /* Info.plist */ = {isa = PBXFileReference; lastKnownFileType = text.plist.xml; path = Info.plist; sourceTree = "<group>"; };
		594437E620749F2A00EA1321 /* MainViewController.swift */ = {isa = PBXFileReference; lastKnownFileType = sourcecode.swift; path = MainViewController.swift; sourceTree = "<group>"; };
		597D7B0520AAD07A003953E9 /* ComboBoxDataSource.swift */ = {isa = PBXFileReference; fileEncoding = 4; lastKnownFileType = sourcecode.swift; path = ComboBoxDataSource.swift; sourceTree = "<group>"; };
		597D7B0720AADB3D003953E9 /* EventMonitor.swift */ = {isa = PBXFileReference; lastKnownFileType = sourcecode.swift; path = EventMonitor.swift; sourceTree = "<group>"; };
		597D7B0B20ABE24B003953E9 /* Countries.json */ = {isa = PBXFileReference; fileEncoding = 4; lastKnownFileType = text.json; path = Countries.json; sourceTree = "<group>"; };
		597D7B0D20AD2B74003953E9 /* Countries.swift */ = {isa = PBXFileReference; lastKnownFileType = sourcecode.swift; path = Countries.swift; sourceTree = "<group>"; };
		597DD8B820AD7FCA003D695E /* SettingViewController.swift */ = {isa = PBXFileReference; lastKnownFileType = sourcecode.swift; path = SettingViewController.swift; sourceTree = "<group>"; };
		597DD8BA20B2A3F4003D695E /* WhatsAppBar.entitlements */ = {isa = PBXFileReference; lastKnownFileType = text.plist.entitlements; path = WhatsAppBar.entitlements; sourceTree = "<group>"; };
		597DD8BF20B2A867003D695E /* Launcher.app */ = {isa = PBXFileReference; explicitFileType = wrapper.application; includeInIndex = 0; path = Launcher.app; sourceTree = BUILT_PRODUCTS_DIR; };
		597DD8C120B2A867003D695E /* AppDelegate.swift */ = {isa = PBXFileReference; lastKnownFileType = sourcecode.swift; path = AppDelegate.swift; sourceTree = "<group>"; };
		597DD8C520B2A869003D695E /* Assets.xcassets */ = {isa = PBXFileReference; lastKnownFileType = folder.assetcatalog; path = Assets.xcassets; sourceTree = "<group>"; };
		597DD8CA20B2A869003D695E /* Info.plist */ = {isa = PBXFileReference; lastKnownFileType = text.plist.xml; path = Info.plist; sourceTree = "<group>"; };
		597DD8CB20B2A869003D695E /* Launcher.entitlements */ = {isa = PBXFileReference; lastKnownFileType = text.plist.entitlements; path = Launcher.entitlements; sourceTree = "<group>"; };
		597DD8D120B2B432003D695E /* ServiceManagement.framework */ = {isa = PBXFileReference; lastKnownFileType = wrapper.framework; name = ServiceManagement.framework; path = System/Library/Frameworks/ServiceManagement.framework; sourceTree = SDKROOT; };
		597DD8DA20B2CFD6003D695E /* Cocoa.framework */ = {isa = PBXFileReference; lastKnownFileType = wrapper.framework; name = Cocoa.framework; path = System/Library/Frameworks/Cocoa.framework; sourceTree = SDKROOT; };
/* End PBXFileReference section */

/* Begin PBXFrameworksBuildPhase section */
		594437D020749B2900EA1321 /* Frameworks */ = {
			isa = PBXFrameworksBuildPhase;
			buildActionMask = 2147483647;
			files = (
				597DD8DB20B2CFD6003D695E /* Cocoa.framework in Frameworks */,
				597DD8D320B2B450003D695E /* ServiceManagement.framework in Frameworks */,
			);
			runOnlyForDeploymentPostprocessing = 0;
		};
		597DD8BC20B2A867003D695E /* Frameworks */ = {
			isa = PBXFrameworksBuildPhase;
			buildActionMask = 2147483647;
			files = (
			);
			runOnlyForDeploymentPostprocessing = 0;
		};
/* End PBXFrameworksBuildPhase section */

/* Begin PBXGroup section */
		594437CA20749B2900EA1321 = {
			isa = PBXGroup;
			children = (
				594437D520749B2900EA1321 /* WhatsAppBar */,
				597DD8C020B2A867003D695E /* Launcher */,
				594437D420749B2900EA1321 /* Products */,
				597DD8D020B2B431003D695E /* Frameworks */,
			);
			sourceTree = "<group>";
		};
		594437D420749B2900EA1321 /* Products */ = {
			isa = PBXGroup;
			children = (
				594437D320749B2900EA1321 /* WhatsAppBar.app */,
				597DD8BF20B2A867003D695E /* Launcher.app */,
			);
			name = Products;
			sourceTree = "<group>";
		};
		594437D520749B2900EA1321 /* WhatsAppBar */ = {
			isa = PBXGroup;
			children = (
				597DD8BA20B2A3F4003D695E /* WhatsAppBar.entitlements */,
				597D7B0B20ABE24B003953E9 /* Countries.json */,
				594437D620749B2900EA1321 /* AppDelegate.swift */,
				597D7B0520AAD07A003953E9 /* ComboBoxDataSource.swift */,
				594437DA20749B2900EA1321 /* Assets.xcassets */,
				594437DC20749B2900EA1321 /* Main.storyboard */,
				594437DF20749B2900EA1321 /* Info.plist */,
				594437E620749F2A00EA1321 /* MainViewController.swift */,
				597D7B0720AADB3D003953E9 /* EventMonitor.swift */,
				597D7B0D20AD2B74003953E9 /* Countries.swift */,
				597DD8B820AD7FCA003D695E /* SettingViewController.swift */,
			);
			path = WhatsAppBar;
			sourceTree = "<group>";
		};
		597DD8C020B2A867003D695E /* Launcher */ = {
			isa = PBXGroup;
			children = (
				597DD8C120B2A867003D695E /* AppDelegate.swift */,
				597DD8C520B2A869003D695E /* Assets.xcassets */,
				597DD8CA20B2A869003D695E /* Info.plist */,
				597DD8CB20B2A869003D695E /* Launcher.entitlements */,
			);
			path = Launcher;
			sourceTree = "<group>";
		};
		597DD8D020B2B431003D695E /* Frameworks */ = {
			isa = PBXGroup;
			children = (
				597DD8DA20B2CFD6003D695E /* Cocoa.framework */,
				597DD8D120B2B432003D695E /* ServiceManagement.framework */,
			);
			name = Frameworks;
			sourceTree = "<group>";
		};
/* End PBXGroup section */

/* Begin PBXNativeTarget section */
		594437D220749B2900EA1321 /* WhatsAppBar */ = {
			isa = PBXNativeTarget;
			buildConfigurationList = 594437E320749B2900EA1321 /* Build configuration list for PBXNativeTarget "WhatsAppBar" */;
			buildPhases = (
				594437CF20749B2900EA1321 /* Sources */,
				594437D020749B2900EA1321 /* Frameworks */,
				594437D120749B2900EA1321 /* Resources */,
				597DD8D820B2B4C6003D695E /* CopyFiles */,
			);
			buildRules = (
			);
			dependencies = (
				597DD8D620B2B454003D695E /* PBXTargetDependency */,
			);
			name = WhatsAppBar;
			productName = Quotes;
			productReference = 594437D320749B2900EA1321 /* WhatsAppBar.app */;
			productType = "com.apple.product-type.application";
		};
		597DD8BE20B2A867003D695E /* Launcher */ = {
			isa = PBXNativeTarget;
			buildConfigurationList = 597DD8CC20B2A869003D695E /* Build configuration list for PBXNativeTarget "Launcher" */;
			buildPhases = (
				597DD8BB20B2A867003D695E /* Sources */,
				597DD8BC20B2A867003D695E /* Frameworks */,
				597DD8BD20B2A867003D695E /* Resources */,
			);
			buildRules = (
			);
			dependencies = (
			);
			name = Launcher;
			productName = Launcher;
			productReference = 597DD8BF20B2A867003D695E /* Launcher.app */;
			productType = "com.apple.product-type.application";
		};
/* End PBXNativeTarget section */

/* Begin PBXProject section */
		594437CB20749B2900EA1321 /* Project object */ = {
			isa = PBXProject;
			attributes = {
				LastSwiftUpdateCheck = 0930;
				LastUpgradeCheck = 0930;
				ORGANIZATIONNAME = Aldy;
				TargetAttributes = {
					594437D220749B2900EA1321 = {
						CreatedOnToolsVersion = 9.2;
						ProvisioningStyle = Automatic;
						SystemCapabilities = {
							com.apple.ApplicationGroups.Mac = {
								enabled = 0;
							};
							com.apple.Sandbox = {
								enabled = 1;
							};
						};
					};
					597DD8BE20B2A867003D695E = {
						CreatedOnToolsVersion = 9.3;
						ProvisioningStyle = Automatic;
						SystemCapabilities = {
							com.apple.Sandbox = {
								enabled = 1;
							};
						};
					};
				};
			};
			buildConfigurationList = 594437CE20749B2900EA1321 /* Build configuration list for PBXProject "WhatsAppBar" */;
			compatibilityVersion = "Xcode 8.0";
			developmentRegion = en;
			hasScannedForEncodings = 0;
			knownRegions = (
				en,
				Base,
			);
			mainGroup = 594437CA20749B2900EA1321;
			productRefGroup = 594437D420749B2900EA1321 /* Products */;
			projectDirPath = "";
			projectRoot = "";
			targets = (
				594437D220749B2900EA1321 /* WhatsAppBar */,
				597DD8BE20B2A867003D695E /* Launcher */,
			);
		};
/* End PBXProject section */

/* Begin PBXResourcesBuildPhase section */
		594437D120749B2900EA1321 /* Resources */ = {
			isa = PBXResourcesBuildPhase;
			buildActionMask = 2147483647;
			files = (
				594437DB20749B2900EA1321 /* Assets.xcassets in Resources */,
				594437DE20749B2900EA1321 /* Main.storyboard in Resources */,
				597D7B0C20ABE24C003953E9 /* Countries.json in Resources */,
			);
			runOnlyForDeploymentPostprocessing = 0;
		};
		597DD8BD20B2A867003D695E /* Resources */ = {
			isa = PBXResourcesBuildPhase;
			buildActionMask = 2147483647;
			files = (
				597DD8C620B2A869003D695E /* Assets.xcassets in Resources */,
				597DD8DC20B2D54B003D695E /* Main.storyboard in Resources */,
			);
			runOnlyForDeploymentPostprocessing = 0;
		};
/* End PBXResourcesBuildPhase section */

/* Begin PBXSourcesBuildPhase section */
		594437CF20749B2900EA1321 /* Sources */ = {
			isa = PBXSourcesBuildPhase;
			buildActionMask = 2147483647;
			files = (
				597D7B0920AADB3D003953E9 /* EventMonitor.swift in Sources */,
				597A442F20A721020042E10C /* MainViewController.swift in Sources */,
				594437D720749B2900EA1321 /* AppDelegate.swift in Sources */,
				597D7B0E20AD2B74003953E9 /* Countries.swift in Sources */,
				597D7B0620AAD07A003953E9 /* ComboBoxDataSource.swift in Sources */,
				597DD8B920AD7FCA003D695E /* SettingViewController.swift in Sources */,
			);
			runOnlyForDeploymentPostprocessing = 0;
		};
		597DD8BB20B2A867003D695E /* Sources */ = {
			isa = PBXSourcesBuildPhase;
			buildActionMask = 2147483647;
			files = (
				597DD8C220B2A867003D695E /* AppDelegate.swift in Sources */,
			);
			runOnlyForDeploymentPostprocessing = 0;
		};
/* End PBXSourcesBuildPhase section */

/* Begin PBXTargetDependency section */
		597DD8D620B2B454003D695E /* PBXTargetDependency */ = {
			isa = PBXTargetDependency;
			target = 597DD8BE20B2A867003D695E /* Launcher */;
			targetProxy = 597DD8D520B2B454003D695E /* PBXContainerItemProxy */;
		};
/* End PBXTargetDependency section */

/* Begin PBXVariantGroup section */
		594437DC20749B2900EA1321 /* Main.storyboard */ = {
			isa = PBXVariantGroup;
			children = (
				594437DD20749B2900EA1321 /* Base */,
			);
			name = Main.storyboard;
			sourceTree = "<group>";
		};
/* End PBXVariantGroup section */

/* Begin XCBuildConfiguration section */
		594437E120749B2900EA1321 /* Debug */ = {
			isa = XCBuildConfiguration;
			buildSettings = {
				ALWAYS_SEARCH_USER_PATHS = NO;
				CLANG_ANALYZER_NONNULL = YES;
				CLANG_ANALYZER_NUMBER_OBJECT_CONVERSION = YES_AGGRESSIVE;
				CLANG_CXX_LANGUAGE_STANDARD = "gnu++14";
				CLANG_CXX_LIBRARY = "libc++";
				CLANG_ENABLE_MODULES = YES;
				CLANG_ENABLE_OBJC_ARC = YES;
				CLANG_WARN_BLOCK_CAPTURE_AUTORELEASING = YES;
				CLANG_WARN_BOOL_CONVERSION = YES;
				CLANG_WARN_COMMA = YES;
				CLANG_WARN_CONSTANT_CONVERSION = YES;
				CLANG_WARN_DEPRECATED_OBJC_IMPLEMENTATIONS = YES;
				CLANG_WARN_DIRECT_OBJC_ISA_USAGE = YES_ERROR;
				CLANG_WARN_DOCUMENTATION_COMMENTS = YES;
				CLANG_WARN_EMPTY_BODY = YES;
				CLANG_WARN_ENUM_CONVERSION = YES;
				CLANG_WARN_INFINITE_RECURSION = YES;
				CLANG_WARN_INT_CONVERSION = YES;
				CLANG_WARN_NON_LITERAL_NULL_CONVERSION = YES;
				CLANG_WARN_OBJC_IMPLICIT_RETAIN_SELF = YES;
				CLANG_WARN_OBJC_LITERAL_CONVERSION = YES;
				CLANG_WARN_OBJC_ROOT_CLASS = YES_ERROR;
				CLANG_WARN_RANGE_LOOP_ANALYSIS = YES;
				CLANG_WARN_STRICT_PROTOTYPES = YES;
				CLANG_WARN_SUSPICIOUS_MOVE = YES;
				CLANG_WARN_UNGUARDED_AVAILABILITY = YES_AGGRESSIVE;
				CLANG_WARN_UNREACHABLE_CODE = YES;
				CLANG_WARN__DUPLICATE_METHOD_MATCH = YES;
				CODE_SIGN_IDENTITY = "-";
				COPY_PHASE_STRIP = NO;
				DEBUG_INFORMATION_FORMAT = dwarf;
				ENABLE_STRICT_OBJC_MSGSEND = YES;
				ENABLE_TESTABILITY = YES;
				GCC_C_LANGUAGE_STANDARD = gnu11;
				GCC_DYNAMIC_NO_PIC = NO;
				GCC_NO_COMMON_BLOCKS = YES;
				GCC_OPTIMIZATION_LEVEL = 0;
				GCC_PREPROCESSOR_DEFINITIONS = (
					"DEBUG=1",
					"$(inherited)",
				);
				GCC_WARN_64_TO_32_BIT_CONVERSION = YES;
				GCC_WARN_ABOUT_RETURN_TYPE = YES_ERROR;
				GCC_WARN_UNDECLARED_SELECTOR = YES;
				GCC_WARN_UNINITIALIZED_AUTOS = YES_AGGRESSIVE;
				GCC_WARN_UNUSED_FUNCTION = YES;
				GCC_WARN_UNUSED_VARIABLE = YES;
				MACOSX_DEPLOYMENT_TARGET = 10.13;
				MTL_ENABLE_DEBUG_INFO = YES;
				ONLY_ACTIVE_ARCH = YES;
				SDKROOT = macosx;
				SWIFT_ACTIVE_COMPILATION_CONDITIONS = DEBUG;
				SWIFT_OPTIMIZATION_LEVEL = "-Onone";
			};
			name = Debug;
		};
		594437E220749B2900EA1321 /* Release */ = {
			isa = XCBuildConfiguration;
			buildSettings = {
				ALWAYS_SEARCH_USER_PATHS = NO;
				CLANG_ANALYZER_NONNULL = YES;
				CLANG_ANALYZER_NUMBER_OBJECT_CONVERSION = YES_AGGRESSIVE;
				CLANG_CXX_LANGUAGE_STANDARD = "gnu++14";
				CLANG_CXX_LIBRARY = "libc++";
				CLANG_ENABLE_MODULES = YES;
				CLANG_ENABLE_OBJC_ARC = YES;
				CLANG_WARN_BLOCK_CAPTURE_AUTORELEASING = YES;
				CLANG_WARN_BOOL_CONVERSION = YES;
				CLANG_WARN_COMMA = YES;
				CLANG_WARN_CONSTANT_CONVERSION = YES;
				CLANG_WARN_DEPRECATED_OBJC_IMPLEMENTATIONS = YES;
				CLANG_WARN_DIRECT_OBJC_ISA_USAGE = YES_ERROR;
				CLANG_WARN_DOCUMENTATION_COMMENTS = YES;
				CLANG_WARN_EMPTY_BODY = YES;
				CLANG_WARN_ENUM_CONVERSION = YES;
				CLANG_WARN_INFINITE_RECURSION = YES;
				CLANG_WARN_INT_CONVERSION = YES;
				CLANG_WARN_NON_LITERAL_NULL_CONVERSION = YES;
				CLANG_WARN_OBJC_IMPLICIT_RETAIN_SELF = YES;
				CLANG_WARN_OBJC_LITERAL_CONVERSION = YES;
				CLANG_WARN_OBJC_ROOT_CLASS = YES_ERROR;
				CLANG_WARN_RANGE_LOOP_ANALYSIS = YES;
				CLANG_WARN_STRICT_PROTOTYPES = YES;
				CLANG_WARN_SUSPICIOUS_MOVE = YES;
				CLANG_WARN_UNGUARDED_AVAILABILITY = YES_AGGRESSIVE;
				CLANG_WARN_UNREACHABLE_CODE = YES;
				CLANG_WARN__DUPLICATE_METHOD_MATCH = YES;
				CODE_SIGN_IDENTITY = "-";
				COPY_PHASE_STRIP = NO;
				DEBUG_INFORMATION_FORMAT = "dwarf-with-dsym";
				ENABLE_NS_ASSERTIONS = NO;
				ENABLE_STRICT_OBJC_MSGSEND = YES;
				GCC_C_LANGUAGE_STANDARD = gnu11;
				GCC_NO_COMMON_BLOCKS = YES;
				GCC_WARN_64_TO_32_BIT_CONVERSION = YES;
				GCC_WARN_ABOUT_RETURN_TYPE = YES_ERROR;
				GCC_WARN_UNDECLARED_SELECTOR = YES;
				GCC_WARN_UNINITIALIZED_AUTOS = YES_AGGRESSIVE;
				GCC_WARN_UNUSED_FUNCTION = YES;
				GCC_WARN_UNUSED_VARIABLE = YES;
				MACOSX_DEPLOYMENT_TARGET = 10.13;
				MTL_ENABLE_DEBUG_INFO = NO;
				SDKROOT = macosx;
				SWIFT_OPTIMIZATION_LEVEL = "-Owholemodule";
			};
			name = Release;
		};
		594437E420749B2900EA1321 /* Debug */ = {
			isa = XCBuildConfiguration;
			buildSettings = {
				ALWAYS_EMBED_SWIFT_STANDARD_LIBRARIES = YES;
				ASSETCATALOG_COMPILER_APPICON_NAME = AppIcon;
				CODE_SIGN_ENTITLEMENTS = WhatsAppBar/WhatsAppBar.entitlements;
				CODE_SIGN_IDENTITY = "";
				CODE_SIGN_STYLE = Automatic;
				COMBINE_HIDPI_IMAGES = YES;
				DEVELOPMENT_TEAM = F8X4BK36S5;
				INFOPLIST_FILE = "$(SRCROOT)/WhatsAppBar/Info.plist";
				LD_RUNPATH_SEARCH_PATHS = "$(inherited) @executable_path/../Frameworks";
				PRODUCT_BUNDLE_IDENTIFIER = com.aldychris.whatsappbar;
				PRODUCT_NAME = "$(TARGET_NAME)";
				PROVISIONING_PROFILE_SPECIFIER = "";
				SKIP_INSTALL = NO;
				SWIFT_VERSION = 4.0;
			};
			name = Debug;
		};
		594437E520749B2900EA1321 /* Release */ = {
			isa = XCBuildConfiguration;
			buildSettings = {
				ALWAYS_EMBED_SWIFT_STANDARD_LIBRARIES = YES;
				ASSETCATALOG_COMPILER_APPICON_NAME = AppIcon;
				CODE_SIGN_ENTITLEMENTS = WhatsAppBar/WhatsAppBar.entitlements;
				CODE_SIGN_IDENTITY = "";
				CODE_SIGN_STYLE = Automatic;
				COMBINE_HIDPI_IMAGES = YES;
				DEVELOPMENT_TEAM = F8X4BK36S5;
				INFOPLIST_FILE = "$(SRCROOT)/WhatsAppBar/Info.plist";
				LD_RUNPATH_SEARCH_PATHS = "$(inherited) @executable_path/../Frameworks";
				PRODUCT_BUNDLE_IDENTIFIER = com.aldychris.whatsappbar;
				PRODUCT_NAME = "$(TARGET_NAME)";
				PROVISIONING_PROFILE_SPECIFIER = "";
				SKIP_INSTALL = NO;
				SWIFT_VERSION = 4.0;
			};
			name = Release;
		};
		597DD8CD20B2A869003D695E /* Debug */ = {
			isa = XCBuildConfiguration;
			buildSettings = {
				ASSETCATALOG_COMPILER_APPICON_NAME = AppIcon;
				CLANG_ENABLE_OBJC_WEAK = YES;
				CODE_SIGN_ENTITLEMENTS = Launcher/Launcher.entitlements;
				CODE_SIGN_IDENTITY = "Mac Developer";
				CODE_SIGN_STYLE = Automatic;
				COMBINE_HIDPI_IMAGES = YES;
				DEVELOPMENT_TEAM = F8X4BK36S5;
				INFOPLIST_FILE = Launcher/Info.plist;
				LD_RUNPATH_SEARCH_PATHS = "$(inherited) @executable_path/../Frameworks";
				PRODUCT_BUNDLE_IDENTIFIER = com.aldychris.whatsappbar.Launcher;
				PRODUCT_NAME = "$(TARGET_NAME)";
				PROVISIONING_PROFILE_SPECIFIER = "";
				SKIP_INSTALL = YES;
				SWIFT_VERSION = 4.0;
			};
			name = Debug;
		};
		597DD8CE20B2A869003D695E /* Release */ = {
			isa = XCBuildConfiguration;
			buildSettings = {
				ASSETCATALOG_COMPILER_APPICON_NAME = AppIcon;
				CLANG_ENABLE_OBJC_WEAK = YES;
				CODE_SIGN_ENTITLEMENTS = Launcher/Launcher.entitlements;
				CODE_SIGN_IDENTITY = "Mac Developer";
				CODE_SIGN_STYLE = Automatic;
				COMBINE_HIDPI_IMAGES = YES;
				DEVELOPMENT_TEAM = F8X4BK36S5;
				INFOPLIST_FILE = Launcher/Info.plist;
				LD_RUNPATH_SEARCH_PATHS = "$(inherited) @executable_path/../Frameworks";
				PRODUCT_BUNDLE_IDENTIFIER = com.aldychris.whatsappbar.Launcher;
				PRODUCT_NAME = "$(TARGET_NAME)";
				PROVISIONING_PROFILE_SPECIFIER = "";
				SKIP_INSTALL = YES;
				SWIFT_VERSION = 4.0;
			};
			name = Release;
		};
/* End XCBuildConfiguration section */

/* Begin XCConfigurationList section */
		594437CE20749B2900EA1321 /* Build configuration list for PBXProject "WhatsAppBar" */ = {
			isa = XCConfigurationList;
			buildConfigurations = (
				594437E120749B2900EA1321 /* Debug */,
				594437E220749B2900EA1321 /* Release */,
			);
			defaultConfigurationIsVisible = 0;
			defaultConfigurationName = Release;
		};
		594437E320749B2900EA1321 /* Build configuration list for PBXNativeTarget "WhatsAppBar" */ = {
			isa = XCConfigurationList;
			buildConfigurations = (
				594437E420749B2900EA1321 /* Debug */,
				594437E520749B2900EA1321 /* Release */,
			);
			defaultConfigurationIsVisible = 0;
			defaultConfigurationName = Release;
		};
		597DD8CC20B2A869003D695E /* Build configuration list for PBXNativeTarget "Launcher" */ = {
			isa = XCConfigurationList;
			buildConfigurations = (
				597DD8CD20B2A869003D695E /* Debug */,
				597DD8CE20B2A869003D695E /* Release */,
			);
			defaultConfigurationIsVisible = 0;
			defaultConfigurationName = Release;
		};
/* End XCConfigurationList section */
	};
	rootObject = 594437CB20749B2900EA1321 /* Project object */;
}
